
Microsoft Visual Studio Solution File, Format Version 12.00
# Visual Studio Version 17
VisualStudioVersion = 17.0.31903.59
MinimumVisualStudioVersion = 10.0.40219.1
Project("{2150E333-8FDC-42A3-9474-1A3956D46DE8}") = "src", "src", "{AA147821-13D8-4A05-B5E6-83AD4D6EF5BD}"
EndProject
Project("{FAE04EC0-301F-11D3-BF4B-00C04F79EFBC}") = "Yokan.PintoBean.Abstractions", "src\Yokan.PintoBean.Abstractions\Yokan.PintoBean.Abstractions.csproj", "{DBAAD1D2-4B7B-427E-86BC-AEBC3B3B9674}"
EndProject
Project("{FAE04EC0-301F-11D3-BF4B-00C04F79EFBC}") = "Yokan.PintoBean.CodeGen", "src\Yokan.PintoBean.CodeGen\Yokan.PintoBean.CodeGen.csproj", "{EEBC09AF-A285-4CDA-B53B-77F5573E590F}"
EndProject
Project("{FAE04EC0-301F-11D3-BF4B-00C04F79EFBC}") = "Yokan.PintoBean.Runtime", "src\Yokan.PintoBean.Runtime\Yokan.PintoBean.Runtime.csproj", "{A3DB9541-E2CF-44C1-BB45-54F39F8A738E}"
EndProject
Project("{FAE04EC0-301F-11D3-BF4B-00C04F79EFBC}") = "Yokan.PintoBean.Providers.Stub", "src\Yokan.PintoBean.Providers.Stub\Yokan.PintoBean.Providers.Stub.csproj", "{6A1DCA47-80E4-474B-AFBB-6436B6213559}"
EndProject
Project("{2150E333-8FDC-42A3-9474-1A3956D46DE8}") = "samples", "samples", "{76D0C0B6-075F-4BAC-BB8A-190C97558C24}"
EndProject
Project("{FAE04EC0-301F-11D3-BF4B-00C04F79EFBC}") = "PintoBean.Hello.Demo.Console", "samples\PintoBean.Hello.Demo.Console\PintoBean.Hello.Demo.Console.csproj", "{65605890-C55A-4353-B784-3A7BBF2FD849}"
EndProject
Project("{FAE04EC0-301F-11D3-BF4B-00C04F79EFBC}") = "PintoBean.PluginHost.Demo.Console", "samples\PintoBean.PluginHost.Demo.Console\PintoBean.PluginHost.Demo.Console.csproj", "{B8C9D1A0-4F2E-4A3B-9C8D-1E2F3A4B5C6D}"
EndProject
Project("{FAE04EC0-301F-11D3-BF4B-00C04F79EFBC}") = "Yokan.PintoBean.Providers.SamplePlugin", "src\Yokan.PintoBean.Providers.SamplePlugin\Yokan.PintoBean.Providers.SamplePlugin.csproj", "{A7F8E9D0-3C4B-4F5E-8A9B-1D2E3F4C5B6A}"
EndProject
Project("{2150E333-8FDC-42A3-9474-1A3956D46DE8}") = "tests", "tests", "{3A707568-2339-4213-8BE0-A0AC85385B1E}"
EndProject
Project("{FAE04EC0-301F-11D3-BF4B-00C04F79EFBC}") = "Yokan.PintoBean.CodeGen.Tests", "tests\Yokan.PintoBean.CodeGen.Tests\Yokan.PintoBean.CodeGen.Tests.csproj", "{F0F092C4-89B6-4480-8CDB-22D92E5A786B}"
EndProject
Project("{FAE04EC0-301F-11D3-BF4B-00C04F79EFBC}") = "Yokan.PintoBean.Runtime.Tests", "tests\Yokan.PintoBean.Runtime.Tests\Yokan.PintoBean.Runtime.Tests.csproj", "{8B44CB83-2A7F-4150-9F8A-EF7BC2D18D19}"
EndProject
Project("{FAE04EC0-301F-11D3-BF4B-00C04F79EFBC}") = "Yokan.PintoBean.Abstractions.Tests", "tests\Yokan.PintoBean.Abstractions.Tests\Yokan.PintoBean.Abstractions.Tests.csproj", "{4D8B1073-957F-429E-8774-707FD8540C70}"
EndProject
Project("{2150E333-8FDC-42A3-9474-1A3956D46DE8}") = "benchmarks", "benchmarks", "{C71DAB0E-B966-4680-A850-92815F50ABFA}"
EndProject
Project("{FAE04EC0-301F-11D3-BF4B-00C04F79EFBC}") = "Yokan.PintoBean.Benchmarks", "benchmarks\Yokan.PintoBean.Benchmarks\Yokan.PintoBean.Benchmarks.csproj", "{E209B9BA-C01B-4E6C-8F08-4148EBE03740}"
EndProject
Global
	GlobalSection(SolutionConfigurationPlatforms) = preSolution
		Debug|Any CPU = Debug|Any CPU
		Release|Any CPU = Release|Any CPU
	EndGlobalSection
	GlobalSection(SolutionProperties) = preSolution
		HideSolutionNode = FALSE
	EndGlobalSection
	GlobalSection(ProjectConfigurationPlatforms) = postSolution
		{DBAAD1D2-4B7B-427E-86BC-AEBC3B3B9674}.Debug|Any CPU.ActiveCfg = Debug|Any CPU
		{DBAAD1D2-4B7B-427E-86BC-AEBC3B3B9674}.Debug|Any CPU.Build.0 = Debug|Any CPU
		{DBAAD1D2-4B7B-427E-86BC-AEBC3B3B9674}.Release|Any CPU.ActiveCfg = Release|Any CPU
		{DBAAD1D2-4B7B-427E-86BC-AEBC3B3B9674}.Release|Any CPU.Build.0 = Release|Any CPU
		{EEBC09AF-A285-4CDA-B53B-77F5573E590F}.Debug|Any CPU.ActiveCfg = Debug|Any CPU
		{EEBC09AF-A285-4CDA-B53B-77F5573E590F}.Debug|Any CPU.Build.0 = Debug|Any CPU
		{EEBC09AF-A285-4CDA-B53B-77F5573E590F}.Release|Any CPU.ActiveCfg = Release|Any CPU
		{EEBC09AF-A285-4CDA-B53B-77F5573E590F}.Release|Any CPU.Build.0 = Release|Any CPU
		{A3DB9541-E2CF-44C1-BB45-54F39F8A738E}.Debug|Any CPU.ActiveCfg = Debug|Any CPU
		{A3DB9541-E2CF-44C1-BB45-54F39F8A738E}.Debug|Any CPU.Build.0 = Debug|Any CPU
		{A3DB9541-E2CF-44C1-BB45-54F39F8A738E}.Release|Any CPU.ActiveCfg = Release|Any CPU
		{A3DB9541-E2CF-44C1-BB45-54F39F8A738E}.Release|Any CPU.Build.0 = Release|Any CPU
		{6A1DCA47-80E4-474B-AFBB-6436B6213559}.Debug|Any CPU.ActiveCfg = Debug|Any CPU
		{6A1DCA47-80E4-474B-AFBB-6436B6213559}.Debug|Any CPU.Build.0 = Debug|Any CPU
		{6A1DCA47-80E4-474B-AFBB-6436B6213559}.Release|Any CPU.ActiveCfg = Release|Any CPU
		{6A1DCA47-80E4-474B-AFBB-6436B6213559}.Release|Any CPU.Build.0 = Release|Any CPU
		{65605890-C55A-4353-B784-3A7BBF2FD849}.Debug|Any CPU.ActiveCfg = Debug|Any CPU
		{65605890-C55A-4353-B784-3A7BBF2FD849}.Debug|Any CPU.Build.0 = Debug|Any CPU
		{65605890-C55A-4353-B784-3A7BBF2FD849}.Release|Any CPU.ActiveCfg = Release|Any CPU
		{65605890-C55A-4353-B784-3A7BBF2FD849}.Release|Any CPU.Build.0 = Release|Any CPU
		{B8C9D1A0-4F2E-4A3B-9C8D-1E2F3A4B5C6D}.Debug|Any CPU.ActiveCfg = Debug|Any CPU
		{B8C9D1A0-4F2E-4A3B-9C8D-1E2F3A4B5C6D}.Debug|Any CPU.Build.0 = Debug|Any CPU
		{B8C9D1A0-4F2E-4A3B-9C8D-1E2F3A4B5C6D}.Release|Any CPU.ActiveCfg = Release|Any CPU
		{B8C9D1A0-4F2E-4A3B-9C8D-1E2F3A4B5C6D}.Release|Any CPU.Build.0 = Release|Any CPU
		{A7F8E9D0-3C4B-4F5E-8A9B-1D2E3F4C5B6A}.Debug|Any CPU.ActiveCfg = Debug|Any CPU
		{A7F8E9D0-3C4B-4F5E-8A9B-1D2E3F4C5B6A}.Debug|Any CPU.Build.0 = Debug|Any CPU
		{A7F8E9D0-3C4B-4F5E-8A9B-1D2E3F4C5B6A}.Release|Any CPU.ActiveCfg = Release|Any CPU
		{A7F8E9D0-3C4B-4F5E-8A9B-1D2E3F4C5B6A}.Release|Any CPU.Build.0 = Release|Any CPU
		{F0F092C4-89B6-4480-8CDB-22D92E5A786B}.Debug|Any CPU.ActiveCfg = Debug|Any CPU
		{F0F092C4-89B6-4480-8CDB-22D92E5A786B}.Debug|Any CPU.Build.0 = Debug|Any CPU
		{F0F092C4-89B6-4480-8CDB-22D92E5A786B}.Release|Any CPU.ActiveCfg = Release|Any CPU
		{F0F092C4-89B6-4480-8CDB-22D92E5A786B}.Release|Any CPU.Build.0 = Release|Any CPU
		{8B44CB83-2A7F-4150-9F8A-EF7BC2D18D19}.Debug|Any CPU.ActiveCfg = Debug|Any CPU
		{8B44CB83-2A7F-4150-9F8A-EF7BC2D18D19}.Debug|Any CPU.Build.0 = Debug|Any CPU
		{8B44CB83-2A7F-4150-9F8A-EF7BC2D18D19}.Release|Any CPU.ActiveCfg = Release|Any CPU
		{8B44CB83-2A7F-4150-9F8A-EF7BC2D18D19}.Release|Any CPU.Build.0 = Release|Any CPU
		{4D8B1073-957F-429E-8774-707FD8540C70}.Debug|Any CPU.ActiveCfg = Debug|Any CPU
		{4D8B1073-957F-429E-8774-707FD8540C70}.Debug|Any CPU.Build.0 = Debug|Any CPU
		{4D8B1073-957F-429E-8774-707FD8540C70}.Release|Any CPU.ActiveCfg = Release|Any CPU
		{4D8B1073-957F-429E-8774-707FD8540C70}.Release|Any CPU.Build.0 = Release|Any CPU
		{E209B9BA-C01B-4E6C-8F08-4148EBE03740}.Debug|Any CPU.ActiveCfg = Debug|Any CPU
		{E209B9BA-C01B-4E6C-8F08-4148EBE03740}.Debug|Any CPU.Build.0 = Debug|Any CPU
		{E209B9BA-C01B-4E6C-8F08-4148EBE03740}.Release|Any CPU.ActiveCfg = Release|Any CPU
		{E209B9BA-C01B-4E6C-8F08-4148EBE03740}.Release|Any CPU.Build.0 = Release|Any CPU
	EndGlobalSection
	GlobalSection(NestedProjects) = preSolution
		{DBAAD1D2-4B7B-427E-86BC-AEBC3B3B9674} = {AA147821-13D8-4A05-B5E6-83AD4D6EF5BD}
		{EEBC09AF-A285-4CDA-B53B-77F5573E590F} = {AA147821-13D8-4A05-B5E6-83AD4D6EF5BD}
		{A3DB9541-E2CF-44C1-BB45-54F39F8A738E} = {AA147821-13D8-4A05-B5E6-83AD4D6EF5BD}
		{6A1DCA47-80E4-474B-AFBB-6436B6213559} = {AA147821-13D8-4A05-B5E6-83AD4D6EF5BD}
		{A7F8E9D0-3C4B-4F5E-8A9B-1D2E3F4C5B6A} = {AA147821-13D8-4A05-B5E6-83AD4D6EF5BD}
		{65605890-C55A-4353-B784-3A7BBF2FD849} = {76D0C0B6-075F-4BAC-BB8A-190C97558C24}
		{B8C9D1A0-4F2E-4A3B-9C8D-1E2F3A4B5C6D} = {76D0C0B6-075F-4BAC-BB8A-190C97558C24}
		{F0F092C4-89B6-4480-8CDB-22D92E5A786B} = {3A707568-2339-4213-8BE0-A0AC85385B1E}
		{8B44CB83-2A7F-4150-9F8A-EF7BC2D18D19} = {3A707568-2339-4213-8BE0-A0AC85385B1E}
		{4D8B1073-957F-429E-8774-707FD8540C70} = {3A707568-2339-4213-8BE0-A0AC85385B1E}
		{E209B9BA-C01B-4E6C-8F08-4148EBE03740} = {C71DAB0E-B966-4680-A850-92815F50ABFA}
	EndGlobalSection
EndGlobal
